// !$*UTF8*$!
{
	archiveVersion = 1;
	classes = {
	};
	objectVersion = 56;
	objects = {

/* Begin PBXBuildFile section */
		510DC4522B8064480049011F /* ExchangeRate.swift in Sources */ = {isa = PBXBuildFile; fileRef = 510DC4512B8064480049011F /* ExchangeRate.swift */; };
		510DC4542B8079430049011F /* SelectCurrency.swift in Sources */ = {isa = PBXBuildFile; fileRef = 510DC4532B8079430049011F /* SelectCurrency.swift */; };
		515F80E72B7ABA880065F775 /* LOTRConverter17App.swift in Sources */ = {isa = PBXBuildFile; fileRef = 515F80E62B7ABA880065F775 /* LOTRConverter17App.swift */; };
		515F80E92B7ABA880065F775 /* ContentView.swift in Sources */ = {isa = PBXBuildFile; fileRef = 515F80E82B7ABA880065F775 /* ContentView.swift */; };
		515F80EB2B7ABA8B0065F775 /* Assets.xcassets in Resources */ = {isa = PBXBuildFile; fileRef = 515F80EA2B7ABA8B0065F775 /* Assets.xcassets */; };
		515F80EE2B7ABA8B0065F775 /* Preview Assets.xcassets in Resources */ = {isa = PBXBuildFile; fileRef = 515F80ED2B7ABA8B0065F775 /* Preview Assets.xcassets */; };
		51845D4D2B8997A700E8A309 /* IconGrid.swift in Sources */ = {isa = PBXBuildFile; fileRef = 51845D4C2B8997A700E8A309 /* IconGrid.swift */; };
		51CB93792B7DD0960082BFAF /* ExchangeInfo.swift in Sources */ = {isa = PBXBuildFile; fileRef = 51CB93782B7DD0960082BFAF /* ExchangeInfo.swift */; };
		51F657F52B85AFEF001D245B /* CurrencyIcon.swift in Sources */ = {isa = PBXBuildFile; fileRef = 51F657F42B85AFEF001D245B /* CurrencyIcon.swift */; };
		51F657F72B85C2FF001D245B /* Currency.swift in Sources */ = {isa = PBXBuildFile; fileRef = 51F657F62B85C2FF001D245B /* Currency.swift */; };
/* End PBXBuildFile section */

/* Begin PBXFileReference section */
		510DC4512B8064480049011F /* ExchangeRate.swift */ = {isa = PBXFileReference; lastKnownFileType = sourcecode.swift; path = ExchangeRate.swift; sourceTree = "<group>"; };
		510DC4532B8079430049011F /* SelectCurrency.swift */ = {isa = PBXFileReference; lastKnownFileType = sourcecode.swift; path = SelectCurrency.swift; sourceTree = "<group>"; };
		515F80E32B7ABA880065F775 /* LOTRConverter17.app */ = {isa = PBXFileReference; explicitFileType = wrapper.application; includeInIndex = 0; path = LOTRConverter17.app; sourceTree = BUILT_PRODUCTS_DIR; };
		515F80E62B7ABA880065F775 /* LOTRConverter17App.swift */ = {isa = PBXFileReference; lastKnownFileType = sourcecode.swift; path = LOTRConverter17App.swift; sourceTree = "<group>"; };
		515F80E82B7ABA880065F775 /* ContentView.swift */ = {isa = PBXFileReference; lastKnownFileType = sourcecode.swift; path = ContentView.swift; sourceTree = "<group>"; };
		515F80EA2B7ABA8B0065F775 /* Assets.xcassets */ = {isa = PBXFileReference; lastKnownFileType = folder.assetcatalog; path = Assets.xcassets; sourceTree = "<group>"; };
		515F80ED2B7ABA8B0065F775 /* Preview Assets.xcassets */ = {isa = PBXFileReference; lastKnownFileType = folder.assetcatalog; path = "Preview Assets.xcassets"; sourceTree = "<group>"; };
		51845D4C2B8997A700E8A309 /* IconGrid.swift */ = {isa = PBXFileReference; lastKnownFileType = sourcecode.swift; path = IconGrid.swift; sourceTree = "<group>"; };
		51CB93782B7DD0960082BFAF /* ExchangeInfo.swift */ = {isa = PBXFileReference; lastKnownFileType = sourcecode.swift; path = ExchangeInfo.swift; sourceTree = "<group>"; };
		51F657F42B85AFEF001D245B /* CurrencyIcon.swift */ = {isa = PBXFileReference; lastKnownFileType = sourcecode.swift; path = CurrencyIcon.swift; sourceTree = "<group>"; };
		51F657F62B85C2FF001D245B /* Currency.swift */ = {isa = PBXFileReference; lastKnownFileType = sourcecode.swift; path = Currency.swift; sourceTree = "<group>"; };
/* End PBXFileReference section */

/* Begin PBXFrameworksBuildPhase section */
		515F80E02B7ABA880065F775 /* Frameworks */ = {
			isa = PBXFrameworksBuildPhase;
			buildActionMask = 2147483647;
			files = (
			);
			runOnlyForDeploymentPostprocessing = 0;
		};
/* End PBXFrameworksBuildPhase section */

/* Begin PBXGroup section */
		515F80DA2B7ABA880065F775 = {
			isa = PBXGroup;
			children = (
				515F80E52B7ABA880065F775 /* LOTRConverter17 */,
				515F80E42B7ABA880065F775 /* Products */,
			);
			sourceTree = "<group>";
		};
		515F80E42B7ABA880065F775 /* Products */ = {
			isa = PBXGroup;
			children = (
				515F80E32B7ABA880065F775 /* LOTRConverter17.app */,
			);
			name = Products;
			sourceTree = "<group>";
		};
		515F80E52B7ABA880065F775 /* LOTRConverter17 */ = {
			isa = PBXGroup;
			children = (
				515F80E62B7ABA880065F775 /* LOTRConverter17App.swift */,
				515F80E82B7ABA880065F775 /* ContentView.swift */,
				510DC4532B8079430049011F /* SelectCurrency.swift */,
				51845D4C2B8997A700E8A309 /* IconGrid.swift */,
				51F657F62B85C2FF001D245B /* Currency.swift */,
				51F657F42B85AFEF001D245B /* CurrencyIcon.swift */,
				51CB93782B7DD0960082BFAF /* ExchangeInfo.swift */,
				510DC4512B8064480049011F /* ExchangeRate.swift */,
				515F80EA2B7ABA8B0065F775 /* Assets.xcassets */,
				515F80EC2B7ABA8B0065F775 /* Preview Content */,
			);
			path = LOTRConverter17;
			sourceTree = "<group>";
		};
		515F80EC2B7ABA8B0065F775 /* Preview Content */ = {
			isa = PBXGroup;
			children = (
				515F80ED2B7ABA8B0065F775 /* Preview Assets.xcassets */,
			);
			path = "Preview Content";
			sourceTree = "<group>";
		};
/* End PBXGroup section */

/* Begin PBXNativeTarget section */
		515F80E22B7ABA880065F775 /* LOTRConverter17 */ = {
			isa = PBXNativeTarget;
			buildConfigurationList = 515F80F12B7ABA8B0065F775 /* Build configuration list for PBXNativeTarget "LOTRConverter17" */;
			buildPhases = (
				515F80DF2B7ABA880065F775 /* Sources */,
				515F80E02B7ABA880065F775 /* Frameworks */,
				515F80E12B7ABA880065F775 /* Resources */,
			);
			buildRules = (
			);
			dependencies = (
			);
			name = LOTRConverter17;
			productName = LOTRConverter17;
			productReference = 515F80E32B7ABA880065F775 /* LOTRConverter17.app */;
			productType = "com.apple.product-type.application";
		};
/* End PBXNativeTarget section */

/* Begin PBXProject section */
		515F80DB2B7ABA880065F775 /* Project object */ = {
			isa = PBXProject;
			attributes = {
				BuildIndependentTargetsInParallel = 1;
				LastSwiftUpdateCheck = 1520;
				LastUpgradeCheck = 1520;
				TargetAttributes = {
					515F80E22B7ABA880065F775 = {
						CreatedOnToolsVersion = 15.2;
					};
				};
			};
			buildConfigurationList = 515F80DE2B7ABA880065F775 /* Build configuration list for PBXProject "LOTRConverter17" */;
			compatibilityVersion = "Xcode 14.0";
			developmentRegion = en;
			hasScannedForEncodings = 0;
			knownRegions = (
				en,
				Base,
			);
			mainGroup = 515F80DA2B7ABA880065F775;
			productRefGroup = 515F80E42B7ABA880065F775 /* Products */;
			projectDirPath = "";
			projectRoot = "";
			targets = (
				515F80E22B7ABA880065F775 /* LOTRConverter17 */,
			);
		};
/* End PBXProject section */

/* Begin PBXResourcesBuildPhase section */
		515F80E12B7ABA880065F775 /* Resources */ = {
			isa = PBXResourcesBuildPhase;
			buildActionMask = 2147483647;
			files = (
				515F80EE2B7ABA8B0065F775 /* Preview Assets.xcassets in Resources */,
				515F80EB2B7ABA8B0065F775 /* Assets.xcassets in Resources */,
			);
			runOnlyForDeploymentPostprocessing = 0;
		};
/* End PBXResourcesBuildPhase section */

/* Begin PBXSourcesBuildPhase section */
		515F80DF2B7ABA880065F775 /* Sources */ = {
			isa = PBXSourcesBuildPhase;
			buildActionMask = 2147483647;
			files = (
				51845D4D2B8997A700E8A309 /* IconGrid.swift in Sources */,
				510DC4522B8064480049011F /* ExchangeRate.swift in Sources */,
				510DC4542B8079430049011F /* SelectCurrency.swift in Sources */,
				51CB93792B7DD0960082BFAF /* ExchangeInfo.swift in Sources */,
				515F80E92B7ABA880065F775 /* ContentView.swift in Sources */,
				515F80E72B7ABA880065F775 /* LOTRConverter17App.swift in Sources */,
				51F657F72B85C2FF001D245B /* Currency.swift in Sources */,
				51F657F52B85AFEF001D245B /* CurrencyIcon.swift in Sources */,
			);
			runOnlyForDeploymentPostprocessing = 0;
		};
/* End PBXSourcesBuildPhase section */

/* Begin XCBuildConfiguration section */
		515F80EF2B7ABA8B0065F775 /* Debug */ = {
			isa = XCBuildConfiguration;
			buildSettings = {
				ALWAYS_SEARCH_USER_PATHS = NO;
				ASSETCATALOG_COMPILER_GENERATE_SWIFT_ASSET_SYMBOL_EXTENSIONS = YES;
				CLANG_ANALYZER_NONNULL = YES;
				CLANG_ANALYZER_NUMBER_OBJECT_CONVERSION = YES_AGGRESSIVE;
				CLANG_CXX_LANGUAGE_STANDARD = "gnu++20";
				CLANG_ENABLE_MODULES = YES;
				CLANG_ENABLE_OBJC_ARC = YES;
				CLANG_ENABLE_OBJC_WEAK = YES;
				CLANG_WARN_BLOCK_CAPTURE_AUTORELEASING = YES;
				CLANG_WARN_BOOL_CONVERSION = YES;
				CLANG_WARN_COMMA = YES;
				CLANG_WARN_CONSTANT_CONVERSION = YES;
				CLANG_WARN_DEPRECATED_OBJC_IMPLEMENTATIONS = YES;
				CLANG_WARN_DIRECT_OBJC_ISA_USAGE = YES_ERROR;
				CLANG_WARN_DOCUMENTATION_COMMENTS = YES;
				CLANG_WARN_EMPTY_BODY = YES;
				CLANG_WARN_ENUM_CONVERSION = YES;
				CLANG_WARN_INFINITE_RECURSION = YES;
				CLANG_WARN_INT_CONVERSION = YES;
				CLANG_WARN_NON_LITERAL_NULL_CONVERSION = YES;
				CLANG_WARN_OBJC_IMPLICIT_RETAIN_SELF = YES;
				CLANG_WARN_OBJC_LITERAL_CONVERSION = YES;
				CLANG_WARN_OBJC_ROOT_CLASS = YES_ERROR;
				CLANG_WARN_QUOTED_INCLUDE_IN_FRAMEWORK_HEADER = YES;
				CLANG_WARN_RANGE_LOOP_ANALYSIS = YES;
				CLANG_WARN_STRICT_PROTOTYPES = YES;
				CLANG_WARN_SUSPICIOUS_MOVE = YES;
				CLANG_WARN_UNGUARDED_AVAILABILITY = YES_AGGRESSIVE;
				CLANG_WARN_UNREACHABLE_CODE = YES;
				CLANG_WARN__DUPLICATE_METHOD_MATCH = YES;
				COPY_PHASE_STRIP = NO;
				DEBUG_INFORMATION_FORMAT = dwarf;
				ENABLE_STRICT_OBJC_MSGSEND = YES;
				ENABLE_TESTABILITY = YES;
				ENABLE_USER_SCRIPT_SANDBOXING = YES;
				GCC_C_LANGUAGE_STANDARD = gnu17;
				GCC_DYNAMIC_NO_PIC = NO;
				GCC_NO_COMMON_BLOCKS = YES;
				GCC_OPTIMIZATION_LEVEL = 0;
				GCC_PREPROCESSOR_DEFINITIONS = (
					"DEBUG=1",
					"$(inherited)",
				);
				GCC_WARN_64_TO_32_BIT_CONVERSION = YES;
				GCC_WARN_ABOUT_RETURN_TYPE = YES_ERROR;
				GCC_WARN_UNDECLARED_SELECTOR = YES;
				GCC_WARN_UNINITIALIZED_AUTOS = YES_AGGRESSIVE;
				GCC_WARN_UNUSED_FUNCTION = YES;
				GCC_WARN_UNUSED_VARIABLE = YES;
				IPHONEOS_DEPLOYMENT_TARGET = 17.2;
				LOCALIZATION_PREFERS_STRING_CATALOGS = YES;
				MTL_ENABLE_DEBUG_INFO = INCLUDE_SOURCE;
				MTL_FAST_MATH = YES;
				ONLY_ACTIVE_ARCH = YES;
				SDKROOT = iphoneos;
				SWIFT_ACTIVE_COMPILATION_CONDITIONS = "DEBUG $(inherited)";
				SWIFT_OPTIMIZATION_LEVEL = "-Onone";
			};
			name = Debug;
		};
		515F80F02B7ABA8B0065F775 /* Release */ = {
			isa = XCBuildConfiguration;
			buildSettings = {
				ALWAYS_SEARCH_USER_PATHS = NO;
				ASSETCATALOG_COMPILER_GENERATE_SWIFT_ASSET_SYMBOL_EXTENSIONS = YES;
				CLANG_ANALYZER_NONNULL = YES;
				CLANG_ANALYZER_NUMBER_OBJECT_CONVERSION = YES_AGGRESSIVE;
				CLANG_CXX_LANGUAGE_STANDARD = "gnu++20";
				CLANG_ENABLE_MODULES = YES;
				CLANG_ENABLE_OBJC_ARC = YES;
				CLANG_ENABLE_OBJC_WEAK = YES;
				CLANG_WARN_BLOCK_CAPTURE_AUTORELEASING = YES;
				CLANG_WARN_BOOL_CONVERSION = YES;
				CLANG_WARN_COMMA = YES;
				CLANG_WARN_CONSTANT_CONVERSION = YES;
				CLANG_WARN_DEPRECATED_OBJC_IMPLEMENTATIONS = YES;
				CLANG_WARN_DIRECT_OBJC_ISA_USAGE = YES_ERROR;
				CLANG_WARN_DOCUMENTATION_COMMENTS = YES;
				CLANG_WARN_EMPTY_BODY = YES;
				CLANG_WARN_ENUM_CONVERSION = YES;
				CLANG_WARN_INFINITE_RECURSION = YES;
				CLANG_WARN_INT_CONVERSION = YES;
				CLANG_WARN_NON_LITERAL_NULL_CONVERSION = YES;
				CLANG_WARN_OBJC_IMPLICIT_RETAIN_SELF = YES;
				CLANG_WARN_OBJC_LITERAL_CONVERSION = YES;
				CLANG_WARN_OBJC_ROOT_CLASS = YES_ERROR;
				CLANG_WARN_QUOTED_INCLUDE_IN_FRAMEWORK_HEADER = YES;
				CLANG_WARN_RANGE_LOOP_ANALYSIS = YES;
				CLANG_WARN_STRICT_PROTOTYPES = YES;
				CLANG_WARN_SUSPICIOUS_MOVE = YES;
				CLANG_WARN_UNGUARDED_AVAILABILITY = YES_AGGRESSIVE;
				CLANG_WARN_UNREACHABLE_CODE = YES;
				CLANG_WARN__DUPLICATE_METHOD_MATCH = YES;
				COPY_PHASE_STRIP = NO;
				DEBUG_INFORMATION_FORMAT = "dwarf-with-dsym";
				ENABLE_NS_ASSERTIONS = NO;
				ENABLE_STRICT_OBJC_MSGSEND = YES;
				ENABLE_USER_SCRIPT_SANDBOXING = YES;
				GCC_C_LANGUAGE_STANDARD = gnu17;
				GCC_NO_COMMON_BLOCKS = YES;
				GCC_WARN_64_TO_32_BIT_CONVERSION = YES;
				GCC_WARN_ABOUT_RETURN_TYPE = YES_ERROR;
				GCC_WARN_UNDECLARED_SELECTOR = YES;
				GCC_WARN_UNINITIALIZED_AUTOS = YES_AGGRESSIVE;
				GCC_WARN_UNUSED_FUNCTION = YES;
				GCC_WARN_UNUSED_VARIABLE = YES;
				IPHONEOS_DEPLOYMENT_TARGET = 17.2;
				LOCALIZATION_PREFERS_STRING_CATALOGS = YES;
				MTL_ENABLE_DEBUG_INFO = NO;
				MTL_FAST_MATH = YES;
				SDKROOT = iphoneos;
				SWIFT_COMPILATION_MODE = wholemodule;
				VALIDATE_PRODUCT = YES;
			};
			name = Release;
		};
		515F80F22B7ABA8B0065F775 /* Debug */ = {
			isa = XCBuildConfiguration;
			buildSettings = {
				ASSETCATALOG_COMPILER_APPICON_NAME = AppIcon;
				ASSETCATALOG_COMPILER_GLOBAL_ACCENT_COLOR_NAME = AccentColor;
				CODE_SIGN_STYLE = Automatic;
				CURRENT_PROJECT_VERSION = 1;
				DEVELOPMENT_ASSET_PATHS = "\"LOTRConverter17/Preview Content\"";
				ENABLE_PREVIEWS = YES;
				GENERATE_INFOPLIST_FILE = YES;
				INFOPLIST_KEY_UIApplicationSceneManifest_Generation = YES;
				INFOPLIST_KEY_UIApplicationSupportsIndirectInputEvents = YES;
				INFOPLIST_KEY_UILaunchScreen_Generation = YES;
				INFOPLIST_KEY_UISupportedInterfaceOrientations_iPad = "UIInterfaceOrientationPortrait UIInterfaceOrientationPortraitUpsideDown UIInterfaceOrientationLandscapeLeft UIInterfaceOrientationLandscapeRight";
				INFOPLIST_KEY_UISupportedInterfaceOrientations_iPhone = "UIInterfaceOrientationPortrait UIInterfaceOrientationLandscapeLeft UIInterfaceOrientationLandscapeRight";
				LD_RUNPATH_SEARCH_PATHS = (
					"$(inherited)",
					"@executable_path/Frameworks",
				);
				MARKETING_VERSION = 1.0;
				PRODUCT_BUNDLE_IDENTIFIER = com.kushankvirdi.LOTRConverter17;
				PRODUCT_NAME = "$(TARGET_NAME)";
				SWIFT_EMIT_LOC_STRINGS = YES;
				SWIFT_VERSION = 5.0;
				TARGETED_DEVICE_FAMILY = "1,2";
			};
			name = Debug;
		};
		515F80F32B7ABA8B0065F775 /* Release */ = {
			isa = XCBuildConfiguration;
			buildSettings = {
				ASSETCATALOG_COMPILER_APPICON_NAME = AppIcon;
				ASSETCATALOG_COMPILER_GLOBAL_ACCENT_COLOR_NAME = AccentColor;
				CODE_SIGN_STYLE = Automatic;
				CURRENT_PROJECT_VERSION = 1;
				DEVELOPMENT_ASSET_PATHS = "\"LOTRConverter17/Preview Content\"";
				ENABLE_PREVIEWS = YES;
				GENERATE_INFOPLIST_FILE = YES;
				INFOPLIST_KEY_UIApplicationSceneManifest_Generation = YES;
				INFOPLIST_KEY_UIApplicationSupportsIndirectInputEvents = YES;
				INFOPLIST_KEY_UILaunchScreen_Generation = YES;
				INFOPLIST_KEY_UISupportedInterfaceOrientations_iPad = "UIInterfaceOrientationPortrait UIInterfaceOrientationPortraitUpsideDown UIInterfaceOrientationLandscapeLeft UIInterfaceOrientationLandscapeRight";
				INFOPLIST_KEY_UISupportedInterfaceOrientations_iPhone = "UIInterfaceOrientationPortrait UIInterfaceOrientationLandscapeLeft UIInterfaceOrientationLandscapeRight";
				LD_RUNPATH_SEARCH_PATHS = (
					"$(inherited)",
					"@executable_path/Frameworks",
				);
				MARKETING_VERSION = 1.0;
				PRODUCT_BUNDLE_IDENTIFIER = com.kushankvirdi.LOTRConverter17;
				PRODUCT_NAME = "$(TARGET_NAME)";
				SWIFT_EMIT_LOC_STRINGS = YES;
				SWIFT_VERSION = 5.0;
				TARGETED_DEVICE_FAMILY = "1,2";
			};
			name = Release;
		};
/* End XCBuildConfiguration section */

/* Begin XCConfigurationList section */
		515F80DE2B7ABA880065F775 /* Build configuration list for PBXProject "LOTRConverter17" */ = {
			isa = XCConfigurationList;
			buildConfigurations = (
				515F80EF2B7ABA8B0065F775 /* Debug */,
				515F80F02B7ABA8B0065F775 /* Release */,
			);
			defaultConfigurationIsVisible = 0;
			defaultConfigurationName = Release;
		};
		515F80F12B7ABA8B0065F775 /* Build configuration list for PBXNativeTarget "LOTRConverter17" */ = {
			isa = XCConfigurationList;
			buildConfigurations = (
				515F80F22B7ABA8B0065F775 /* Debug */,
				515F80F32B7ABA8B0065F775 /* Release */,
			);
			defaultConfigurationIsVisible = 0;
			defaultConfigurationName = Release;
		};
/* End XCConfigurationList section */
	};
	rootObject = 515F80DB2B7ABA880065F775 /* Project object */;
}
